// !$*UTF8*$!
{
	archiveVersion = 1;
	classes = {
	};
	objectVersion = 56;
	objects = {

/* Begin PBXBuildFile section */
		955A2AE52A7B57C0008C9995 /* AppDelegate.swift in Sources */ = {isa = PBXBuildFile; fileRef = 955A2AE42A7B57C0008C9995 /* AppDelegate.swift */; };
		955A2AE72A7B57C0008C9995 /* SceneDelegate.swift in Sources */ = {isa = PBXBuildFile; fileRef = 955A2AE62A7B57C0008C9995 /* SceneDelegate.swift */; };
		955A2AE92A7B57C0008C9995 /* ViewController.swift in Sources */ = {isa = PBXBuildFile; fileRef = 955A2AE82A7B57C0008C9995 /* ViewController.swift */; };
		955A2AEC2A7B57C0008C9995 /* Main.storyboard in Resources */ = {isa = PBXBuildFile; fileRef = 955A2AEA2A7B57C0008C9995 /* Main.storyboard */; };
		955A2AEE2A7B57C2008C9995 /* Assets.xcassets in Resources */ = {isa = PBXBuildFile; fileRef = 955A2AED2A7B57C2008C9995 /* Assets.xcassets */; };
		955A2AF12A7B57C2008C9995 /* LaunchScreen.storyboard in Resources */ = {isa = PBXBuildFile; fileRef = 955A2AEF2A7B57C2008C9995 /* LaunchScreen.storyboard */; };
		955A2AF92A7B57E5008C9995 /* LineDashPhaseView.swift in Sources */ = {isa = PBXBuildFile; fileRef = 955A2AF82A7B57E5008C9995 /* LineDashPhaseView.swift */; };
/* End PBXBuildFile section */

/* Begin PBXFileReference section */
		955A2AE12A7B57C0008C9995 /* LineDashPhase-animation.app */ = {isa = PBXFileReference; explicitFileType = wrapper.application; includeInIndex = 0; path = "LineDashPhase-animation.app"; sourceTree = BUILT_PRODUCTS_DIR; };
		955A2AE42A7B57C0008C9995 /* AppDelegate.swift */ = {isa = PBXFileReference; lastKnownFileType = sourcecode.swift; path = AppDelegate.swift; sourceTree = "<group>"; };
		955A2AE62A7B57C0008C9995 /* SceneDelegate.swift */ = {isa = PBXFileReference; lastKnownFileType = sourcecode.swift; path = SceneDelegate.swift; sourceTree = "<group>"; };
		955A2AE82A7B57C0008C9995 /* ViewController.swift */ = {isa = PBXFileReference; lastKnownFileType = sourcecode.swift; path = ViewController.swift; sourceTree = "<group>"; };
		955A2AEB2A7B57C0008C9995 /* Base */ = {isa = PBXFileReference; lastKnownFileType = file.storyboard; name = Base; path = Base.lproj/Main.storyboard; sourceTree = "<group>"; };
		955A2AED2A7B57C2008C9995 /* Assets.xcassets */ = {isa = PBXFileReference; lastKnownFileType = folder.assetcatalog; path = Assets.xcassets; sourceTree = "<group>"; };
		955A2AF02A7B57C2008C9995 /* Base */ = {isa = PBXFileReference; lastKnownFileType = file.storyboard; name = Base; path = Base.lproj/LaunchScreen.storyboard; sourceTree = "<group>"; };
		955A2AF22A7B57C2008C9995 /* Info.plist */ = {isa = PBXFileReference; lastKnownFileType = text.plist.xml; path = Info.plist; sourceTree = "<group>"; };
		955A2AF82A7B57E5008C9995 /* LineDashPhaseView.swift */ = {isa = PBXFileReference; fileEncoding = 4; lastKnownFileType = sourcecode.swift; path = LineDashPhaseView.swift; sourceTree = "<group>"; };
/* End PBXFileReference section */

/* Begin PBXFrameworksBuildPhase section */
		955A2ADE2A7B57C0008C9995 /* Frameworks */ = {
			isa = PBXFrameworksBuildPhase;
			buildActionMask = 2147483647;
			files = (
			);
			runOnlyForDeploymentPostprocessing = 0;
		};
/* End PBXFrameworksBuildPhase section */

/* Begin PBXGroup section */
		955A2AD82A7B57C0008C9995 = {
			isa = PBXGroup;
			children = (
				955A2AE32A7B57C0008C9995 /* LineDashPhase-animation */,
				955A2AE22A7B57C0008C9995 /* Products */,
			);
			sourceTree = "<group>";
		};
		955A2AE22A7B57C0008C9995 /* Products */ = {
			isa = PBXGroup;
			children = (
				955A2AE12A7B57C0008C9995 /* LineDashPhase-animation.app */,
			);
			name = Products;
			sourceTree = "<group>";
		};
		955A2AE32A7B57C0008C9995 /* LineDashPhase-animation */ = {
			isa = PBXGroup;
			children = (
				955A2AE42A7B57C0008C9995 /* AppDelegate.swift */,
				955A2AE62A7B57C0008C9995 /* SceneDelegate.swift */,
				955A2AE82A7B57C0008C9995 /* ViewController.swift */,
				955A2AF82A7B57E5008C9995 /* LineDashPhaseView.swift */,
				955A2AEA2A7B57C0008C9995 /* Main.storyboard */,
				955A2AED2A7B57C2008C9995 /* Assets.xcassets */,
				955A2AEF2A7B57C2008C9995 /* LaunchScreen.storyboard */,
				955A2AF22A7B57C2008C9995 /* Info.plist */,
			);
			path = "LineDashPhase-animation";
			sourceTree = "<group>";
		};
/* End PBXGroup section */

/* Begin PBXNativeTarget section */
		955A2AE02A7B57C0008C9995 /* LineDashPhase-animation */ = {
			isa = PBXNativeTarget;
			buildConfigurationList = 955A2AF52A7B57C2008C9995 /* Build configuration list for PBXNativeTarget "LineDashPhase-animation" */;
			buildPhases = (
				955A2ADD2A7B57C0008C9995 /* Sources */,
				955A2ADE2A7B57C0008C9995 /* Frameworks */,
				955A2ADF2A7B57C0008C9995 /* Resources */,
			);
			buildRules = (
			);
			dependencies = (
			);
			name = "LineDashPhase-animation";
			productName = "LineDashPhase-animation";
			productReference = 955A2AE12A7B57C0008C9995 /* LineDashPhase-animation.app */;
			productType = "com.apple.product-type.application";
		};
/* End PBXNativeTarget section */

/* Begin PBXProject section */
		955A2AD92A7B57C0008C9995 /* Project object */ = {
			isa = PBXProject;
			attributes = {
				BuildIndependentTargetsInParallel = 1;
				LastSwiftUpdateCheck = 1420;
				LastUpgradeCheck = 1420;
				TargetAttributes = {
					955A2AE02A7B57C0008C9995 = {
						CreatedOnToolsVersion = 14.2;
					};
				};
			};
			buildConfigurationList = 955A2ADC2A7B57C0008C9995 /* Build configuration list for PBXProject "LineDashPhase-animation" */;
			compatibilityVersion = "Xcode 14.0";
			developmentRegion = en;
			hasScannedForEncodings = 0;
			knownRegions = (
				en,
				Base,
			);
			mainGroup = 955A2AD82A7B57C0008C9995;
			productRefGroup = 955A2AE22A7B57C0008C9995 /* Products */;
			projectDirPath = "";
			projectRoot = "";
			targets = (
				955A2AE02A7B57C0008C9995 /* LineDashPhase-animation */,
			);
		};
/* End PBXProject section */

/* Begin PBXResourcesBuildPhase section */
		955A2ADF2A7B57C0008C9995 /* Resources */ = {
			isa = PBXResourcesBuildPhase;
			buildActionMask = 2147483647;
			files = (
				955A2AF12A7B57C2008C9995 /* LaunchScreen.storyboard in Resources */,
				955A2AEE2A7B57C2008C9995 /* Assets.xcassets in Resources */,
				955A2AEC2A7B57C0008C9995 /* Main.storyboard in Resources */,
			);
			runOnlyForDeploymentPostprocessing = 0;
		};
/* End PBXResourcesBuildPhase section */

/* Begin PBXSourcesBuildPhase section */
		955A2ADD2A7B57C0008C9995 /* Sources */ = {
			isa = PBXSourcesBuildPhase;
			buildActionMask = 2147483647;
			files = (
				955A2AE92A7B57C0008C9995 /* ViewController.swift in Sources */,
				955A2AE52A7B57C0008C9995 /* AppDelegate.swift in Sources */,
				955A2AF92A7B57E5008C9995 /* LineDashPhaseView.swift in Sources */,
				955A2AE72A7B57C0008C9995 /* SceneDelegate.swift in Sources */,
			);
			runOnlyForDeploymentPostprocessing = 0;
		};
/* End PBXSourcesBuildPhase section */

/* Begin PBXVariantGroup section */
		955A2AEA2A7B57C0008C9995 /* Main.storyboard */ = {
			isa = PBXVariantGroup;
			children = (
				955A2AEB2A7B57C0008C9995 /* Base */,
			);
			name = Main.storyboard;
			sourceTree = "<group>";
		};
		955A2AEF2A7B57C2008C9995 /* LaunchScreen.storyboard */ = {
			isa = PBXVariantGroup;
			children = (
				955A2AF02A7B57C2008C9995 /* Base */,
			);
			name = LaunchScreen.storyboard;
			sourceTree = "<group>";
		};
/* End PBXVariantGroup section */

/* Begin XCBuildConfiguration section */
		955A2AF32A7B57C2008C9995 /* Debug */ = {
			isa = XCBuildConfiguration;
			buildSettings = {
				ALWAYS_SEARCH_USER_PATHS = NO;
				CLANG_ANALYZER_NONNULL = YES;
				CLANG_ANALYZER_NUMBER_OBJECT_CONVERSION = YES_AGGRESSIVE;
				CLANG_CXX_LANGUAGE_STANDARD = "gnu++20";
				CLANG_ENABLE_MODULES = YES;
				CLANG_ENABLE_OBJC_ARC = YES;
				CLANG_ENABLE_OBJC_WEAK = YES;
				CLANG_WARN_BLOCK_CAPTURE_AUTORELEASING = YES;
				CLANG_WARN_BOOL_CONVERSION = YES;
				CLANG_WARN_COMMA = YES;
				CLANG_WARN_CONSTANT_CONVERSION = YES;
				CLANG_WARN_DEPRECATED_OBJC_IMPLEMENTATIONS = YES;
				CLANG_WARN_DIRECT_OBJC_ISA_USAGE = YES_ERROR;
				CLANG_WARN_DOCUMENTATION_COMMENTS = YES;
				CLANG_WARN_EMPTY_BODY = YES;
				CLANG_WARN_ENUM_CONVERSION = YES;
				CLANG_WARN_INFINITE_RECURSION = YES;
				CLANG_WARN_INT_CONVERSION = YES;
				CLANG_WARN_NON_LITERAL_NULL_CONVERSION = YES;
				CLANG_WARN_OBJC_IMPLICIT_RETAIN_SELF = YES;
				CLANG_WARN_OBJC_LITERAL_CONVERSION = YES;
				CLANG_WARN_OBJC_ROOT_CLASS = YES_ERROR;
				CLANG_WARN_QUOTED_INCLUDE_IN_FRAMEWORK_HEADER = YES;
				CLANG_WARN_RANGE_LOOP_ANALYSIS = YES;
				CLANG_WARN_STRICT_PROTOTYPES = YES;
				CLANG_WARN_SUSPICIOUS_MOVE = YES;
				CLANG_WARN_UNGUARDED_AVAILABILITY = YES_AGGRESSIVE;
				CLANG_WARN_UNREACHABLE_CODE = YES;
				CLANG_WARN__DUPLICATE_METHOD_MATCH = YES;
				COPY_PHASE_STRIP = NO;
				DEBUG_INFORMATION_FORMAT = dwarf;
				ENABLE_STRICT_OBJC_MSGSEND = YES;
				ENABLE_TESTABILITY = YES;
				GCC_C_LANGUAGE_STANDARD = gnu11;
				GCC_DYNAMIC_NO_PIC = NO;
				GCC_NO_COMMON_BLOCKS = YES;
				GCC_OPTIMIZATION_LEVEL = 0;
				GCC_PREPROCESSOR_DEFINITIONS = (
					"DEBUG=1",
					"$(inherited)",
				);
				GCC_WARN_64_TO_32_BIT_CONVERSION = YES;
				GCC_WARN_ABOUT_RETURN_TYPE = YES_ERROR;
				GCC_WARN_UNDECLARED_SELECTOR = YES;
				GCC_WARN_UNINITIALIZED_AUTOS = YES_AGGRESSIVE;
				GCC_WARN_UNUSED_FUNCTION = YES;
				GCC_WARN_UNUSED_VARIABLE = YES;
				IPHONEOS_DEPLOYMENT_TARGET = 16.2;
				MTL_ENABLE_DEBUG_INFO = INCLUDE_SOURCE;
				MTL_FAST_MATH = YES;
				ONLY_ACTIVE_ARCH = YES;
				SDKROOT = iphoneos;
				SWIFT_ACTIVE_COMPILATION_CONDITIONS = DEBUG;
				SWIFT_OPTIMIZATION_LEVEL = "-Onone";
			};
			name = Debug;
		};
		955A2AF42A7B57C2008C9995 /* Release */ = {
			isa = XCBuildConfiguration;
			buildSettings = {
				ALWAYS_SEARCH_USER_PATHS = NO;
				CLANG_ANALYZER_NONNULL = YES;
				CLANG_ANALYZER_NUMBER_OBJECT_CONVERSION = YES_AGGRESSIVE;
				CLANG_CXX_LANGUAGE_STANDARD = "gnu++20";
				CLANG_ENABLE_MODULES = YES;
				CLANG_ENABLE_OBJC_ARC = YES;
				CLANG_ENABLE_OBJC_WEAK = YES;
				CLANG_WARN_BLOCK_CAPTURE_AUTORELEASING = YES;
				CLANG_WARN_BOOL_CONVERSION = YES;
				CLANG_WARN_COMMA = YES;
				CLANG_WARN_CONSTANT_CONVERSION = YES;
				CLANG_WARN_DEPRECATED_OBJC_IMPLEMENTATIONS = YES;
				CLANG_WARN_DIRECT_OBJC_ISA_USAGE = YES_ERROR;
				CLANG_WARN_DOCUMENTATION_COMMENTS = YES;
				CLANG_WARN_EMPTY_BODY = YES;
				CLANG_WARN_ENUM_CONVERSION = YES;
				CLANG_WARN_INFINITE_RECURSION = YES;
				CLANG_WARN_INT_CONVERSION = YES;
				CLANG_WARN_NON_LITERAL_NULL_CONVERSION = YES;
				CLANG_WARN_OBJC_IMPLICIT_RETAIN_SELF = YES;
				CLANG_WARN_OBJC_LITERAL_CONVERSION = YES;
				CLANG_WARN_OBJC_ROOT_CLASS = YES_ERROR;
				CLANG_WARN_QUOTED_INCLUDE_IN_FRAMEWORK_HEADER = YES;
				CLANG_WARN_RANGE_LOOP_ANALYSIS = YES;
				CLANG_WARN_STRICT_PROTOTYPES = YES;
				CLANG_WARN_SUSPICIOUS_MOVE = YES;
				CLANG_WARN_UNGUARDED_AVAILABILITY = YES_AGGRESSIVE;
				CLANG_WARN_UNREACHABLE_CODE = YES;
				CLANG_WARN__DUPLICATE_METHOD_MATCH = YES;
				COPY_PHASE_STRIP = NO;
				DEBUG_INFORMATION_FORMAT = "dwarf-with-dsym";
				ENABLE_NS_ASSERTIONS = NO;
				ENABLE_STRICT_OBJC_MSGSEND = YES;
				GCC_C_LANGUAGE_STANDARD = gnu11;
				GCC_NO_COMMON_BLOCKS = YES;
				GCC_WARN_64_TO_32_BIT_CONVERSION = YES;
				GCC_WARN_ABOUT_RETURN_TYPE = YES_ERROR;
				GCC_WARN_UNDECLARED_SELECTOR = YES;
				GCC_WARN_UNINITIALIZED_AUTOS = YES_AGGRESSIVE;
				GCC_WARN_UNUSED_FUNCTION = YES;
				GCC_WARN_UNUSED_VARIABLE = YES;
				IPHONEOS_DEPLOYMENT_TARGET = 16.2;
				MTL_ENABLE_DEBUG_INFO = NO;
				MTL_FAST_MATH = YES;
				SDKROOT = iphoneos;
				SWIFT_COMPILATION_MODE = wholemodule;
				SWIFT_OPTIMIZATION_LEVEL = "-O";
				VALIDATE_PRODUCT = YES;
			};
			name = Release;
		};
		955A2AF62A7B57C2008C9995 /* Debug */ = {
			isa = XCBuildConfiguration;
			buildSettings = {
				ASSETCATALOG_COMPILER_APPICON_NAME = AppIcon;
				ASSETCATALOG_COMPILER_GLOBAL_ACCENT_COLOR_NAME = AccentColor;
				CODE_SIGN_STYLE = Automatic;
				CURRENT_PROJECT_VERSION = 1;
				DEVELOPMENT_TEAM = 4SWPDXB868;
				GENERATE_INFOPLIST_FILE = YES;
				INFOPLIST_FILE = "LineDashPhase-animation/Info.plist";
				INFOPLIST_KEY_UIApplicationSupportsIndirectInputEvents = YES;
				INFOPLIST_KEY_UILaunchStoryboardName = LaunchScreen;
				INFOPLIST_KEY_UIMainStoryboardFile = Main;
				INFOPLIST_KEY_UISupportedInterfaceOrientations_iPad = "UIInterfaceOrientationPortrait UIInterfaceOrientationPortraitUpsideDown UIInterfaceOrientationLandscapeLeft UIInterfaceOrientationLandscapeRight";
				INFOPLIST_KEY_UISupportedInterfaceOrientations_iPhone = "UIInterfaceOrientationPortrait UIInterfaceOrientationLandscapeLeft UIInterfaceOrientationLandscapeRight";
				IPHONEOS_DEPLOYMENT_TARGET = 15.0;
				LD_RUNPATH_SEARCH_PATHS = (
					"$(inherited)",
					"@executable_path/Frameworks",
				);
				MARKETING_VERSION = 1.0;
				PRODUCT_BUNDLE_IDENTIFIER = "co.postermaker.admin.LineDashPhase-animation";
				PRODUCT_NAME = "$(TARGET_NAME)";
				SWIFT_EMIT_LOC_STRINGS = YES;
				SWIFT_VERSION = 5.0;
				TARGETED_DEVICE_FAMILY = "1,2";
			};
			name = Debug;
		};
		955A2AF72A7B57C2008C9995 /* Release */ = {
			isa = XCBuildConfiguration;
			buildSettings = {
				ASSETCATALOG_COMPILER_APPICON_NAME = AppIcon;
				ASSETCATALOG_COMPILER_GLOBAL_ACCENT_COLOR_NAME = AccentColor;
				CODE_SIGN_STYLE = Automatic;
				CURRENT_PROJECT_VERSION = 1;
				DEVELOPMENT_TEAM = 4SWPDXB868;
				GENERATE_INFOPLIST_FILE = YES;
				INFOPLIST_FILE = "LineDashPhase-animation/Info.plist";
				INFOPLIST_KEY_UIApplicationSupportsIndirectInputEvents = YES;
				INFOPLIST_KEY_UILaunchStoryboardName = LaunchScreen;
				INFOPLIST_KEY_UIMainStoryboardFile = Main;
				INFOPLIST_KEY_UISupportedInterfaceOrientations_iPad = "UIInterfaceOrientationPortrait UIInterfaceOrientationPortraitUpsideDown UIInterfaceOrientationLandscapeLeft UIInterfaceOrientationLandscapeRight";
				INFOPLIST_KEY_UISupportedInterfaceOrientations_iPhone = "UIInterfaceOrientationPortrait UIInterfaceOrientationLandscapeLeft UIInterfaceOrientationLandscapeRight";
				IPHONEOS_DEPLOYMENT_TARGET = 15.0;
				LD_RUNPATH_SEARCH_PATHS = (
					"$(inherited)",
					"@executable_path/Frameworks",
				);
				MARKETING_VERSION = 1.0;
				PRODUCT_BUNDLE_IDENTIFIER = "co.postermaker.admin.LineDashPhase-animation";
				PRODUCT_NAME = "$(TARGET_NAME)";
				SWIFT_EMIT_LOC_STRINGS = YES;
				SWIFT_VERSION = 5.0;
				TARGETED_DEVICE_FAMILY = "1,2";
			};
			name = Release;
		};
/* End XCBuildConfiguration section */

/* Begin XCConfigurationList section */
		955A2ADC2A7B57C0008C9995 /* Build configuration list for PBXProject "LineDashPhase-animation" */ = {
			isa = XCConfigurationList;
			buildConfigurations = (
				955A2AF32A7B57C2008C9995 /* Debug */,
				955A2AF42A7B57C2008C9995 /* Release */,
			);
			defaultConfigurationIsVisible = 0;
			defaultConfigurationName = Release;
		};
		955A2AF52A7B57C2008C9995 /* Build configuration list for PBXNativeTarget "LineDashPhase-animation" */ = {
			isa = XCConfigurationList;
			buildConfigurations = (
				955A2AF62A7B57C2008C9995 /* Debug */,
				955A2AF72A7B57C2008C9995 /* Release */,
			);
			defaultConfigurationIsVisible = 0;
			defaultConfigurationName = Release;
		};
/* End XCConfigurationList section */
	};
	rootObject = 955A2AD92A7B57C0008C9995 /* Project object */;
}
